
Microsoft Visual Studio Solution File, Format Version 12.00
# Visual Studio Version 17
VisualStudioVersion = 17.14.36408.4
MinimumVisualStudioVersion = 10.0.40219.1
Project("{FAE04EC0-301F-11D3-BF4B-00C04F79EFBC}") = "Ris.SpriteToolkit.CLI", "Ris.SpriteToolkit.CLI\Ris.SpriteToolkit.CLI.csproj", "{E7C7ADFA-D616-F8E5-DFB2-981A26C9FF76}"
EndProject
Project("{54435603-DBB4-11D2-8724-00A0C9A8B90C}") = "Ris.SpriteToolkit.Installer.Win", "Ris.SpriteToolkit.Installer.Win\Ris.SpriteToolkit.Installer.Win.vdproj", "{7717A93B-AD2F-71C8-AAA8-C55F8F0113B7}"
EndProject
Global
	GlobalSection(SolutionConfigurationPlatforms) = preSolution
		Debug|Any CPU = Debug|Any CPU
		Release|Any CPU = Release|Any CPU
	EndGlobalSection
	GlobalSection(ProjectConfigurationPlatforms) = postSolution
		{E7C7ADFA-D616-F8E5-DFB2-981A26C9FF76}.Debug|Any CPU.ActiveCfg = Debug|Any CPU
		{E7C7ADFA-D616-F8E5-DFB2-981A26C9FF76}.Debug|Any CPU.Build.0 = Debug|Any CPU
		{E7C7ADFA-D616-F8E5-DFB2-981A26C9FF76}.Release|Any CPU.ActiveCfg = Release|Any CPU
		{E7C7ADFA-D616-F8E5-DFB2-981A26C9FF76}.Release|Any CPU.Build.0 = Release|Any CPU
		{7717A93B-AD2F-71C8-AAA8-C55F8F0113B7}.Debug|Any CPU.ActiveCfg = Debug
		{7717A93B-AD2F-71C8-AAA8-C55F8F0113B7}.Release|Any CPU.ActiveCfg = Release
	EndGlobalSection
	GlobalSection(SolutionProperties) = preSolution
		HideSolutionNode = FALSE
	EndGlobalSection
	GlobalSection(ExtensibilityGlobals) = postSolution
		SolutionGuid = {6CE76D5A-2ECA-4672-839F-9CD25CA1D932}
	EndGlobalSection
EndGlobal
